
Microsoft Visual Studio Solution File, Format Version 12.00
# Visual Studio 15
VisualStudioVersion = 15.0.26730.15
MinimumVisualStudioVersion = 10.0.40219.1
Project("{FAE04EC0-301F-11D3-BF4B-00C04F79EFBC}") = "MiPrimerApp.Android", "MiPrimerApp\MiPrimerApp.Android\MiPrimerApp.Android.csproj", "{8E61E914-B79A-49B0-977F-11236ADFB7DE}"
EndProject
Project("{FAE04EC0-301F-11D3-BF4B-00C04F79EFBC}") = "MiPrimerApp", "MiPrimerApp\MiPrimerApp\MiPrimerApp.csproj", "{D0E07804-8038-4115-81E6-7F2A61B28090}"
EndProject
Project("{FAE04EC0-301F-11D3-BF4B-00C04F79EFBC}") = "MiPrimerApp.iOS", "MiPrimerApp\MiPrimerApp.iOS\MiPrimerApp.iOS.csproj", "{9B54BE21-17AE-4B37-8B90-73868043426B}"
EndProject
Global
	GlobalSection(SolutionConfigurationPlatforms) = preSolution
		Ad-Hoc|Any CPU = Ad-Hoc|Any CPU
		Ad-Hoc|iPhone = Ad-Hoc|iPhone
		Ad-Hoc|iPhoneSimulator = Ad-Hoc|iPhoneSimulator
		AppStore|Any CPU = AppStore|Any CPU
		AppStore|iPhone = AppStore|iPhone
		AppStore|iPhoneSimulator = AppStore|iPhoneSimulator
		Debug|Any CPU = Debug|Any CPU
		Debug|iPhone = Debug|iPhone
		Debug|iPhoneSimulator = Debug|iPhoneSimulator
		Release|Any CPU = Release|Any CPU
		Release|iPhone = Release|iPhone
		Release|iPhoneSimulator = Release|iPhoneSimulator
	EndGlobalSection
	GlobalSection(ProjectConfigurationPlatforms) = postSolution
		{8E61E914-B79A-49B0-977F-11236ADFB7DE}.Ad-Hoc|Any CPU.ActiveCfg = Release|Any CPU
		{8E61E914-B79A-49B0-977F-11236ADFB7DE}.Ad-Hoc|Any CPU.Build.0 = Release|Any CPU
		{8E61E914-B79A-49B0-977F-11236ADFB7DE}.Ad-Hoc|Any CPU.Deploy.0 = Release|Any CPU
		{8E61E914-B79A-49B0-977F-11236ADFB7DE}.Ad-Hoc|iPhone.ActiveCfg = Release|Any CPU
		{8E61E914-B79A-49B0-977F-11236ADFB7DE}.Ad-Hoc|iPhone.Build.0 = Release|Any CPU
		{8E61E914-B79A-49B0-977F-11236ADFB7DE}.Ad-Hoc|iPhone.Deploy.0 = Release|Any CPU
		{8E61E914-B79A-49B0-977F-11236ADFB7DE}.Ad-Hoc|iPhoneSimulator.ActiveCfg = Release|Any CPU
		{8E61E914-B79A-49B0-977F-11236ADFB7DE}.Ad-Hoc|iPhoneSimulator.Build.0 = Release|Any CPU
		{8E61E914-B79A-49B0-977F-11236ADFB7DE}.Ad-Hoc|iPhoneSimulator.Deploy.0 = Release|Any CPU
		{8E61E914-B79A-49B0-977F-11236ADFB7DE}.AppStore|Any CPU.ActiveCfg = Release|Any CPU
		{8E61E914-B79A-49B0-977F-11236ADFB7DE}.AppStore|Any CPU.Build.0 = Release|Any CPU
		{8E61E914-B79A-49B0-977F-11236ADFB7DE}.AppStore|Any CPU.Deploy.0 = Release|Any CPU
		{8E61E914-B79A-49B0-977F-11236ADFB7DE}.AppStore|iPhone.ActiveCfg = Release|Any CPU
		{8E61E914-B79A-49B0-977F-11236ADFB7DE}.AppStore|iPhone.Build.0 = Release|Any CPU
		{8E61E914-B79A-49B0-977F-11236ADFB7DE}.AppStore|iPhone.Deploy.0 = Release|Any CPU
		{8E61E914-B79A-49B0-977F-11236ADFB7DE}.AppStore|iPhoneSimulator.ActiveCfg = Release|Any CPU
		{8E61E914-B79A-49B0-977F-11236ADFB7DE}.AppStore|iPhoneSimulator.Build.0 = Release|Any CPU
		{8E61E914-B79A-49B0-977F-11236ADFB7DE}.AppStore|iPhoneSimulator.Deploy.0 = Release|Any CPU
		{8E61E914-B79A-49B0-977F-11236ADFB7DE}.Debug|Any CPU.ActiveCfg = Debug|Any CPU
		{8E61E914-B79A-49B0-977F-11236ADFB7DE}.Debug|Any CPU.Build.0 = Debug|Any CPU
		{8E61E914-B79A-49B0-977F-11236ADFB7DE}.Debug|Any CPU.Deploy.0 = Debug|Any CPU
		{8E61E914-B79A-49B0-977F-11236ADFB7DE}.Debug|iPhone.ActiveCfg = Debug|Any CPU
		{8E61E914-B79A-49B0-977F-11236ADFB7DE}.Debug|iPhone.Build.0 = Debug|Any CPU
		{8E61E914-B79A-49B0-977F-11236ADFB7DE}.Debug|iPhone.Deploy.0 = Debug|Any CPU
		{8E61E914-B79A-49B0-977F-11236ADFB7DE}.Debug|iPhoneSimulator.ActiveCfg = Debug|Any CPU
		{8E61E914-B79A-49B0-977F-11236ADFB7DE}.Debug|iPhoneSimulator.Build.0 = Debug|Any CPU
		{8E61E914-B79A-49B0-977F-11236ADFB7DE}.Debug|iPhoneSimulator.Deploy.0 = Debug|Any CPU
		{8E61E914-B79A-49B0-977F-11236ADFB7DE}.Release|Any CPU.ActiveCfg = Release|Any CPU
		{8E61E914-B79A-49B0-977F-11236ADFB7DE}.Release|Any CPU.Build.0 = Release|Any CPU
		{8E61E914-B79A-49B0-977F-11236ADFB7DE}.Release|Any CPU.Deploy.0 = Release|Any CPU
		{8E61E914-B79A-49B0-977F-11236ADFB7DE}.Release|iPhone.ActiveCfg = Release|Any CPU
		{8E61E914-B79A-49B0-977F-11236ADFB7DE}.Release|iPhone.Build.0 = Release|Any CPU
		{8E61E914-B79A-49B0-977F-11236ADFB7DE}.Release|iPhone.Deploy.0 = Release|Any CPU
		{8E61E914-B79A-49B0-977F-11236ADFB7DE}.Release|iPhoneSimulator.ActiveCfg = Release|Any CPU
		{8E61E914-B79A-49B0-977F-11236ADFB7DE}.Release|iPhoneSimulator.Build.0 = Release|Any CPU
		{8E61E914-B79A-49B0-977F-11236ADFB7DE}.Release|iPhoneSimulator.Deploy.0 = Release|Any CPU
		{D0E07804-8038-4115-81E6-7F2A61B28090}.Ad-Hoc|Any CPU.ActiveCfg = Release|Any CPU
		{D0E07804-8038-4115-81E6-7F2A61B28090}.Ad-Hoc|Any CPU.Build.0 = Release|Any CPU
		{D0E07804-8038-4115-81E6-7F2A61B28090}.Ad-Hoc|iPhone.ActiveCfg = Release|Any CPU
		{D0E07804-8038-4115-81E6-7F2A61B28090}.Ad-Hoc|iPhone.Build.0 = Release|Any CPU
		{D0E07804-8038-4115-81E6-7F2A61B28090}.Ad-Hoc|iPhoneSimulator.ActiveCfg = Release|Any CPU
		{D0E07804-8038-4115-81E6-7F2A61B28090}.Ad-Hoc|iPhoneSimulator.Build.0 = Release|Any CPU
		{D0E07804-8038-4115-81E6-7F2A61B28090}.AppStore|Any CPU.ActiveCfg = Release|Any CPU
		{D0E07804-8038-4115-81E6-7F2A61B28090}.AppStore|Any CPU.Build.0 = Release|Any CPU
		{D0E07804-8038-4115-81E6-7F2A61B28090}.AppStore|iPhone.ActiveCfg = Release|Any CPU
		{D0E07804-8038-4115-81E6-7F2A61B28090}.AppStore|iPhone.Build.0 = Release|Any CPU
		{D0E07804-8038-4115-81E6-7F2A61B28090}.AppStore|iPhoneSimulator.ActiveCfg = Release|Any CPU
		{D0E07804-8038-4115-81E6-7F2A61B28090}.AppStore|iPhoneSimulator.Build.0 = Release|Any CPU
		{D0E07804-8038-4115-81E6-7F2A61B28090}.Debug|Any CPU.ActiveCfg = Debug|Any CPU
		{D0E07804-8038-4115-81E6-7F2A61B28090}.Debug|Any CPU.Build.0 = Debug|Any CPU
		{D0E07804-8038-4115-81E6-7F2A61B28090}.Debug|iPhone.ActiveCfg = Debug|Any CPU
		{D0E07804-8038-4115-81E6-7F2A61B28090}.Debug|iPhone.Build.0 = Debug|Any CPU
		{D0E07804-8038-4115-81E6-7F2A61B28090}.Debug|iPhoneSimulator.ActiveCfg = Debug|Any CPU
		{D0E07804-8038-4115-81E6-7F2A61B28090}.Debug|iPhoneSimulator.Build.0 = Debug|Any CPU
		{D0E07804-8038-4115-81E6-7F2A61B28090}.Release|Any CPU.ActiveCfg = Release|Any CPU
		{D0E07804-8038-4115-81E6-7F2A61B28090}.Release|Any CPU.Build.0 = Release|Any CPU
		{D0E07804-8038-4115-81E6-7F2A61B28090}.Release|iPhone.ActiveCfg = Release|Any CPU
		{D0E07804-8038-4115-81E6-7F2A61B28090}.Release|iPhone.Build.0 = Release|Any CPU
		{D0E07804-8038-4115-81E6-7F2A61B28090}.Release|iPhoneSimulator.ActiveCfg = Release|Any CPU
		{D0E07804-8038-4115-81E6-7F2A61B28090}.Release|iPhoneSimulator.Build.0 = Release|Any CPU
		{9B54BE21-17AE-4B37-8B90-73868043426B}.Ad-Hoc|Any CPU.ActiveCfg = Ad-Hoc|iPhone
		{9B54BE21-17AE-4B37-8B90-73868043426B}.Ad-Hoc|iPhone.ActiveCfg = Ad-Hoc|iPhone
		{9B54BE21-17AE-4B37-8B90-73868043426B}.Ad-Hoc|iPhone.Build.0 = Ad-Hoc|iPhone
		{9B54BE21-17AE-4B37-8B90-73868043426B}.Ad-Hoc|iPhoneSimulator.ActiveCfg = Ad-Hoc|iPhoneSimulator
		{9B54BE21-17AE-4B37-8B90-73868043426B}.Ad-Hoc|iPhoneSimulator.Build.0 = Ad-Hoc|iPhoneSimulator
		{9B54BE21-17AE-4B37-8B90-73868043426B}.AppStore|Any CPU.ActiveCfg = AppStore|iPhone
		{9B54BE21-17AE-4B37-8B90-73868043426B}.AppStore|iPhone.ActiveCfg = AppStore|iPhone
		{9B54BE21-17AE-4B37-8B90-73868043426B}.AppStore|iPhone.Build.0 = AppStore|iPhone
		{9B54BE21-17AE-4B37-8B90-73868043426B}.AppStore|iPhoneSimulator.ActiveCfg = AppStore|iPhoneSimulator
		{9B54BE21-17AE-4B37-8B90-73868043426B}.AppStore|iPhoneSimulator.Build.0 = AppStore|iPhoneSimulator
		{9B54BE21-17AE-4B37-8B90-73868043426B}.Debug|Any CPU.ActiveCfg = Debug|iPhone
		{9B54BE21-17AE-4B37-8B90-73868043426B}.Debug|iPhone.ActiveCfg = Debug|iPhone
		{9B54BE21-17AE-4B37-8B90-73868043426B}.Debug|iPhone.Build.0 = Debug|iPhone
		{9B54BE21-17AE-4B37-8B90-73868043426B}.Debug|iPhoneSimulator.ActiveCfg = Debug|iPhoneSimulator
		{9B54BE21-17AE-4B37-8B90-73868043426B}.Debug|iPhoneSimulator.Build.0 = Debug|iPhoneSimulator
		{9B54BE21-17AE-4B37-8B90-73868043426B}.Release|Any CPU.ActiveCfg = Release|iPhone
		{9B54BE21-17AE-4B37-8B90-73868043426B}.Release|iPhone.ActiveCfg = Release|iPhone
		{9B54BE21-17AE-4B37-8B90-73868043426B}.Release|iPhone.Build.0 = Release|iPhone
		{9B54BE21-17AE-4B37-8B90-73868043426B}.Release|iPhoneSimulator.ActiveCfg = Release|iPhoneSimulator
		{9B54BE21-17AE-4B37-8B90-73868043426B}.Release|iPhoneSimulator.Build.0 = Release|iPhoneSimulator
	EndGlobalSection
	GlobalSection(SolutionProperties) = preSolution
		HideSolutionNode = FALSE
	EndGlobalSection
	GlobalSection(ExtensibilityGlobals) = postSolution
		SolutionGuid = {862102BB-0280-4EFD-81F4-388B554F0431}
	EndGlobalSection
EndGlobal
