
Microsoft Visual Studio Solution File, Format Version 12.00
# Visual Studio 2013
VisualStudioVersion = 12.0.30501.0
MinimumVisualStudioVersion = 10.0.40219.1
Project("{FAE04EC0-301F-11D3-BF4B-00C04F79EFBC}") = "slnAsociacion", "slnAsociacion\slnAsociacion.csproj", "{688B72BC-BC83-4CB3-A2A7-AE8E87147E74}"
EndProject
Project("{FAE04EC0-301F-11D3-BF4B-00C04F79EFBC}") = "Asociacion.Datos", "Asociacion.Datos\Asociacion.Datos.csproj", "{DBBF130F-A5E4-4C02-B05D-ACDCFBC70EF2}"
EndProject
Project("{FAE04EC0-301F-11D3-BF4B-00C04F79EFBC}") = "Asociacion.Entidades", "Asociacion.Entidades\Asociacion.Entidades.csproj", "{420E3747-9C1C-4214-AAB1-FEFADFD0ABF5}"
EndProject
Project("{FAE04EC0-301F-11D3-BF4B-00C04F79EFBC}") = "Asociacion.Logica", "Asociacion.Logica\Asociacion.Logica.csproj", "{E138E664-BBB8-46E8-BB0E-F15A3CCB2DFE}"
EndProject
Global
	GlobalSection(SolutionConfigurationPlatforms) = preSolution
		Debug|Any CPU = Debug|Any CPU
		Debug|x86 = Debug|x86
		Release|Any CPU = Release|Any CPU
		Release|x86 = Release|x86
	EndGlobalSection
	GlobalSection(ProjectConfigurationPlatforms) = postSolution
		{688B72BC-BC83-4CB3-A2A7-AE8E87147E74}.Debug|Any CPU.ActiveCfg = Debug|Any CPU
		{688B72BC-BC83-4CB3-A2A7-AE8E87147E74}.Debug|Any CPU.Build.0 = Debug|Any CPU
		{688B72BC-BC83-4CB3-A2A7-AE8E87147E74}.Debug|x86.ActiveCfg = Debug|x86
		{688B72BC-BC83-4CB3-A2A7-AE8E87147E74}.Debug|x86.Build.0 = Debug|x86
		{688B72BC-BC83-4CB3-A2A7-AE8E87147E74}.Release|Any CPU.ActiveCfg = Release|Any CPU
		{688B72BC-BC83-4CB3-A2A7-AE8E87147E74}.Release|Any CPU.Build.0 = Release|Any CPU
		{688B72BC-BC83-4CB3-A2A7-AE8E87147E74}.Release|x86.ActiveCfg = Release|x86
		{688B72BC-BC83-4CB3-A2A7-AE8E87147E74}.Release|x86.Build.0 = Release|x86
		{DBBF130F-A5E4-4C02-B05D-ACDCFBC70EF2}.Debug|Any CPU.ActiveCfg = Debug|Any CPU
		{DBBF130F-A5E4-4C02-B05D-ACDCFBC70EF2}.Debug|Any CPU.Build.0 = Debug|Any CPU
		{DBBF130F-A5E4-4C02-B05D-ACDCFBC70EF2}.Debug|x86.ActiveCfg = Debug|x86
		{DBBF130F-A5E4-4C02-B05D-ACDCFBC70EF2}.Debug|x86.Build.0 = Debug|x86
		{DBBF130F-A5E4-4C02-B05D-ACDCFBC70EF2}.Release|Any CPU.ActiveCfg = Release|Any CPU
		{DBBF130F-A5E4-4C02-B05D-ACDCFBC70EF2}.Release|Any CPU.Build.0 = Release|Any CPU
		{DBBF130F-A5E4-4C02-B05D-ACDCFBC70EF2}.Release|x86.ActiveCfg = Release|x86
		{DBBF130F-A5E4-4C02-B05D-ACDCFBC70EF2}.Release|x86.Build.0 = Release|x86
		{420E3747-9C1C-4214-AAB1-FEFADFD0ABF5}.Debug|Any CPU.ActiveCfg = Debug|Any CPU
		{420E3747-9C1C-4214-AAB1-FEFADFD0ABF5}.Debug|Any CPU.Build.0 = Debug|Any CPU
		{420E3747-9C1C-4214-AAB1-FEFADFD0ABF5}.Debug|x86.ActiveCfg = Debug|x86
		{420E3747-9C1C-4214-AAB1-FEFADFD0ABF5}.Debug|x86.Build.0 = Debug|x86
		{420E3747-9C1C-4214-AAB1-FEFADFD0ABF5}.Release|Any CPU.ActiveCfg = Release|Any CPU
		{420E3747-9C1C-4214-AAB1-FEFADFD0ABF5}.Release|Any CPU.Build.0 = Release|Any CPU
		{420E3747-9C1C-4214-AAB1-FEFADFD0ABF5}.Release|x86.ActiveCfg = Release|x86
		{420E3747-9C1C-4214-AAB1-FEFADFD0ABF5}.Release|x86.Build.0 = Release|x86
		{E138E664-BBB8-46E8-BB0E-F15A3CCB2DFE}.Debug|Any CPU.ActiveCfg = Debug|Any CPU
		{E138E664-BBB8-46E8-BB0E-F15A3CCB2DFE}.Debug|Any CPU.Build.0 = Debug|Any CPU
		{E138E664-BBB8-46E8-BB0E-F15A3CCB2DFE}.Debug|x86.ActiveCfg = Debug|x86
		{E138E664-BBB8-46E8-BB0E-F15A3CCB2DFE}.Debug|x86.Build.0 = Debug|x86
		{E138E664-BBB8-46E8-BB0E-F15A3CCB2DFE}.Release|Any CPU.ActiveCfg = Release|Any CPU
		{E138E664-BBB8-46E8-BB0E-F15A3CCB2DFE}.Release|Any CPU.Build.0 = Release|Any CPU
		{E138E664-BBB8-46E8-BB0E-F15A3CCB2DFE}.Release|x86.ActiveCfg = Release|x86
		{E138E664-BBB8-46E8-BB0E-F15A3CCB2DFE}.Release|x86.Build.0 = Release|x86
	EndGlobalSection
	GlobalSection(SolutionProperties) = preSolution
		HideSolutionNode = FALSE
	EndGlobalSection
EndGlobal
